
Microsoft Visual Studio Solution File, Format Version 12.00
# Visual Studio Version 17
VisualStudioVersion = 17.11.35327.3
MinimumVisualStudioVersion = 10.0.40219.1
Project("{FAE04EC0-301F-11D3-BF4B-00C04F79EFBC}") = "VirtualPianoConverter", "VirtualPianoConverter.csproj", "{4AF4E6CB-8DD9-40A4-A631-4F37481C34A5}"
EndProject
Global
	GlobalSection(SolutionConfigurationPlatforms) = preSolution
		Debug|Any CPU = Debug|Any CPU
		Release|Any CPU = Release|Any CPU
	EndGlobalSection
	GlobalSection(ProjectConfigurationPlatforms) = postSolution
		{4AF4E6CB-8DD9-40A4-A631-4F37481C34A5}.Debug|Any CPU.ActiveCfg = Debug|Any CPU
		{4AF4E6CB-8DD9-40A4-A631-4F37481C34A5}.Debug|Any CPU.Build.0 = Debug|Any CPU
		{4AF4E6CB-8DD9-40A4-A631-4F37481C34A5}.Release|Any CPU.ActiveCfg = Release|Any CPU
		{4AF4E6CB-8DD9-40A4-A631-4F37481C34A5}.Release|Any CPU.Build.0 = Release|Any CPU
	EndGlobalSection
	GlobalSection(SolutionProperties) = preSolution
		HideSolutionNode = FALSE
	EndGlobalSection
	GlobalSection(ExtensibilityGlobals) = postSolution
		SolutionGuid = {23D373D0-A573-49A1-BC5E-1A296E1897EA}
	EndGlobalSection
EndGlobal
